// !$*UTF8*$!
{
	archiveVersion = 1;
	classes = {
	};
	objectVersion = 56;
	objects = {

/* Begin PBXBuildFile section */
		9B7F201729A1ECAF00B9E353 /* TalkCell_2.swift in Sources */ = {isa = PBXBuildFile; fileRef = 9B7F201529A1ECAF00B9E353 /* TalkCell_2.swift */; };
		9B7F201829A1ECAF00B9E353 /* TalkCell_2.xib in Resources */ = {isa = PBXBuildFile; fileRef = 9B7F201629A1ECAF00B9E353 /* TalkCell_2.xib */; };
		9B9355F729A0957F0013C02D /* AppDelegate.swift in Sources */ = {isa = PBXBuildFile; fileRef = 9B9355F629A0957F0013C02D /* AppDelegate.swift */; };
		9B9355F929A0957F0013C02D /* SceneDelegate.swift in Sources */ = {isa = PBXBuildFile; fileRef = 9B9355F829A0957F0013C02D /* SceneDelegate.swift */; };
		9B9355FE29A0957F0013C02D /* Main.storyboard in Resources */ = {isa = PBXBuildFile; fileRef = 9B9355FC29A0957F0013C02D /* Main.storyboard */; };
		9B93560029A095880013C02D /* Assets.xcassets in Resources */ = {isa = PBXBuildFile; fileRef = 9B9355FF29A095880013C02D /* Assets.xcassets */; };
		9B93560329A095880013C02D /* LaunchScreen.storyboard in Resources */ = {isa = PBXBuildFile; fileRef = 9B93560129A095880013C02D /* LaunchScreen.storyboard */; };
		9B93560F29A09B0E0013C02D /* FirebaseAuth in Frameworks */ = {isa = PBXBuildFile; productRef = 9B93560E29A09B0E0013C02D /* FirebaseAuth */; };
		9B93561129A09B0E0013C02D /* FirebaseFirestore in Frameworks */ = {isa = PBXBuildFile; productRef = 9B93561029A09B0E0013C02D /* FirebaseFirestore */; };
		9B93561329A09B0E0013C02D /* FirebaseFirestoreSwift in Frameworks */ = {isa = PBXBuildFile; productRef = 9B93561229A09B0E0013C02D /* FirebaseFirestoreSwift */; };
		9B93561529A09B0E0013C02D /* FirebaseStorage in Frameworks */ = {isa = PBXBuildFile; productRef = 9B93561429A09B0E0013C02D /* FirebaseStorage */; };
		9B93561729A0AB590013C02D /* GoogleService-Info.plist in Resources */ = {isa = PBXBuildFile; fileRef = 9B93561629A0AB590013C02D /* GoogleService-Info.plist */; };
		9B93561D29A0B1D10013C02D /* HomeViewController.swift in Sources */ = {isa = PBXBuildFile; fileRef = 9B93561C29A0B1D10013C02D /* HomeViewController.swift */; };
		9B93561F29A0B1F80013C02D /* RegisterViewController.swift in Sources */ = {isa = PBXBuildFile; fileRef = 9B93561E29A0B1F80013C02D /* RegisterViewController.swift */; };
		9B93562129A0B2040013C02D /* LoginViewController.swift in Sources */ = {isa = PBXBuildFile; fileRef = 9B93562029A0B2040013C02D /* LoginViewController.swift */; };
		9B93562329A0B2220013C02D /* ChatListTableViewController.swift in Sources */ = {isa = PBXBuildFile; fileRef = 9B93562229A0B2220013C02D /* ChatListTableViewController.swift */; };
		9B93562529A0C4840013C02D /* TalkViewController.swift in Sources */ = {isa = PBXBuildFile; fileRef = 9B93562429A0C4830013C02D /* TalkViewController.swift */; };
		9B93562829A0CCCB0013C02D /* Constants.swift in Sources */ = {isa = PBXBuildFile; fileRef = 9B93562729A0CCCB0013C02D /* Constants.swift */; };
		9B93563129A100BA0013C02D /* ChatListCell.swift in Sources */ = {isa = PBXBuildFile; fileRef = 9B93562F29A100BA0013C02D /* ChatListCell.swift */; };
		9B93563229A100BA0013C02D /* ChatListCell.xib in Resources */ = {isa = PBXBuildFile; fileRef = 9B93563029A100BA0013C02D /* ChatListCell.xib */; };
		9B93563529A100E00013C02D /* TalkCell_1.swift in Sources */ = {isa = PBXBuildFile; fileRef = 9B93563329A100E00013C02D /* TalkCell_1.swift */; };
		9B93563629A100E00013C02D /* TalkCell_1.xib in Resources */ = {isa = PBXBuildFile; fileRef = 9B93563429A100E00013C02D /* TalkCell_1.xib */; };
/* End PBXBuildFile section */

/* Begin PBXFileReference section */
		9B7F201529A1ECAF00B9E353 /* TalkCell_2.swift */ = {isa = PBXFileReference; lastKnownFileType = sourcecode.swift; path = TalkCell_2.swift; sourceTree = "<group>"; };
		9B7F201629A1ECAF00B9E353 /* TalkCell_2.xib */ = {isa = PBXFileReference; lastKnownFileType = file.xib; path = TalkCell_2.xib; sourceTree = "<group>"; };
		9B9355F329A0957F0013C02D /* FirebasePracticeChatApp.app */ = {isa = PBXFileReference; explicitFileType = wrapper.application; includeInIndex = 0; path = FirebasePracticeChatApp.app; sourceTree = BUILT_PRODUCTS_DIR; };
		9B9355F629A0957F0013C02D /* AppDelegate.swift */ = {isa = PBXFileReference; lastKnownFileType = sourcecode.swift; path = AppDelegate.swift; sourceTree = "<group>"; };
		9B9355F829A0957F0013C02D /* SceneDelegate.swift */ = {isa = PBXFileReference; lastKnownFileType = sourcecode.swift; path = SceneDelegate.swift; sourceTree = "<group>"; };
		9B9355FD29A0957F0013C02D /* Base */ = {isa = PBXFileReference; lastKnownFileType = file.storyboard; name = Base; path = Base.lproj/Main.storyboard; sourceTree = "<group>"; };
		9B9355FF29A095880013C02D /* Assets.xcassets */ = {isa = PBXFileReference; lastKnownFileType = folder.assetcatalog; path = Assets.xcassets; sourceTree = "<group>"; };
		9B93560229A095880013C02D /* Base */ = {isa = PBXFileReference; lastKnownFileType = file.storyboard; name = Base; path = Base.lproj/LaunchScreen.storyboard; sourceTree = "<group>"; };
		9B93560429A095880013C02D /* Info.plist */ = {isa = PBXFileReference; lastKnownFileType = text.plist.xml; path = Info.plist; sourceTree = "<group>"; };
		9B93561629A0AB590013C02D /* GoogleService-Info.plist */ = {isa = PBXFileReference; lastKnownFileType = text.plist.xml; path = "GoogleService-Info.plist"; sourceTree = SOURCE_ROOT; };
		9B93561C29A0B1D10013C02D /* HomeViewController.swift */ = {isa = PBXFileReference; lastKnownFileType = sourcecode.swift; path = HomeViewController.swift; sourceTree = "<group>"; };
		9B93561E29A0B1F80013C02D /* RegisterViewController.swift */ = {isa = PBXFileReference; lastKnownFileType = sourcecode.swift; path = RegisterViewController.swift; sourceTree = "<group>"; };
		9B93562029A0B2040013C02D /* LoginViewController.swift */ = {isa = PBXFileReference; lastKnownFileType = sourcecode.swift; path = LoginViewController.swift; sourceTree = "<group>"; };
		9B93562229A0B2220013C02D /* ChatListTableViewController.swift */ = {isa = PBXFileReference; lastKnownFileType = sourcecode.swift; path = ChatListTableViewController.swift; sourceTree = "<group>"; };
		9B93562429A0C4830013C02D /* TalkViewController.swift */ = {isa = PBXFileReference; lastKnownFileType = sourcecode.swift; path = TalkViewController.swift; sourceTree = "<group>"; };
		9B93562729A0CCCB0013C02D /* Constants.swift */ = {isa = PBXFileReference; lastKnownFileType = sourcecode.swift; path = Constants.swift; sourceTree = "<group>"; };
		9B93562F29A100BA0013C02D /* ChatListCell.swift */ = {isa = PBXFileReference; lastKnownFileType = sourcecode.swift; path = ChatListCell.swift; sourceTree = "<group>"; };
		9B93563029A100BA0013C02D /* ChatListCell.xib */ = {isa = PBXFileReference; lastKnownFileType = file.xib; path = ChatListCell.xib; sourceTree = "<group>"; };
		9B93563329A100E00013C02D /* TalkCell_1.swift */ = {isa = PBXFileReference; lastKnownFileType = sourcecode.swift; path = TalkCell_1.swift; sourceTree = "<group>"; };
		9B93563429A100E00013C02D /* TalkCell_1.xib */ = {isa = PBXFileReference; lastKnownFileType = file.xib; path = TalkCell_1.xib; sourceTree = "<group>"; };
/* End PBXFileReference section */

/* Begin PBXFrameworksBuildPhase section */
		9B9355F029A0957F0013C02D /* Frameworks */ = {
			isa = PBXFrameworksBuildPhase;
			buildActionMask = 2147483647;
			files = (
				9B93560F29A09B0E0013C02D /* FirebaseAuth in Frameworks */,
				9B93561529A09B0E0013C02D /* FirebaseStorage in Frameworks */,
				9B93561129A09B0E0013C02D /* FirebaseFirestore in Frameworks */,
				9B93561329A09B0E0013C02D /* FirebaseFirestoreSwift in Frameworks */,
			);
			runOnlyForDeploymentPostprocessing = 0;
		};
/* End PBXFrameworksBuildPhase section */

/* Begin PBXGroup section */
		9B9355EA29A0957F0013C02D = {
			isa = PBXGroup;
			children = (
				9B9355F529A0957F0013C02D /* FirebasePracticeChatApp */,
				9B9355F429A0957F0013C02D /* Products */,
			);
			sourceTree = "<group>";
		};
		9B9355F429A0957F0013C02D /* Products */ = {
			isa = PBXGroup;
			children = (
				9B9355F329A0957F0013C02D /* FirebasePracticeChatApp.app */,
			);
			name = Products;
			sourceTree = "<group>";
		};
		9B9355F529A0957F0013C02D /* FirebasePracticeChatApp */ = {
			isa = PBXGroup;
			children = (
				9B93562629A0CCB30013C02D /* Setting */,
				9B93561829A0B1530013C02D /* Application */,
				9B93561B29A0B1910013C02D /* Model */,
				9B93561A29A0B1770013C02D /* View */,
				9B93561929A0B1660013C02D /* Controller */,
				9B9355FF29A095880013C02D /* Assets.xcassets */,
				9B93560129A095880013C02D /* LaunchScreen.storyboard */,
				9B93561629A0AB590013C02D /* GoogleService-Info.plist */,
				9B93560429A095880013C02D /* Info.plist */,
			);
			path = FirebasePracticeChatApp;
			sourceTree = "<group>";
		};
		9B93561829A0B1530013C02D /* Application */ = {
			isa = PBXGroup;
			children = (
				9B9355F629A0957F0013C02D /* AppDelegate.swift */,
				9B9355F829A0957F0013C02D /* SceneDelegate.swift */,
			);
			path = Application;
			sourceTree = "<group>";
		};
		9B93561929A0B1660013C02D /* Controller */ = {
			isa = PBXGroup;
			children = (
				9B93561C29A0B1D10013C02D /* HomeViewController.swift */,
				9B93561E29A0B1F80013C02D /* RegisterViewController.swift */,
				9B93562029A0B2040013C02D /* LoginViewController.swift */,
				9B93562229A0B2220013C02D /* ChatListTableViewController.swift */,
				9B93562429A0C4830013C02D /* TalkViewController.swift */,
			);
			path = Controller;
			sourceTree = "<group>";
		};
		9B93561A29A0B1770013C02D /* View */ = {
			isa = PBXGroup;
			children = (
				9B9355FC29A0957F0013C02D /* Main.storyboard */,
				9B93562F29A100BA0013C02D /* ChatListCell.swift */,
				9B93563029A100BA0013C02D /* ChatListCell.xib */,
				9B93563329A100E00013C02D /* TalkCell_1.swift */,
				9B93563429A100E00013C02D /* TalkCell_1.xib */,
				9B7F201529A1ECAF00B9E353 /* TalkCell_2.swift */,
				9B7F201629A1ECAF00B9E353 /* TalkCell_2.xib */,
			);
			path = View;
			sourceTree = "<group>";
		};
		9B93561B29A0B1910013C02D /* Model */ = {
			isa = PBXGroup;
			children = (
			);
			path = Model;
			sourceTree = "<group>";
		};
		9B93562629A0CCB30013C02D /* Setting */ = {
			isa = PBXGroup;
			children = (
				9B93562729A0CCCB0013C02D /* Constants.swift */,
			);
			path = Setting;
			sourceTree = "<group>";
		};
/* End PBXGroup section */

/* Begin PBXNativeTarget section */
		9B9355F229A0957F0013C02D /* FirebasePracticeChatApp */ = {
			isa = PBXNativeTarget;
			buildConfigurationList = 9B93560729A095880013C02D /* Build configuration list for PBXNativeTarget "FirebasePracticeChatApp" */;
			buildPhases = (
				9B9355EF29A0957F0013C02D /* Sources */,
				9B9355F029A0957F0013C02D /* Frameworks */,
				9B9355F129A0957F0013C02D /* Resources */,
			);
			buildRules = (
			);
			dependencies = (
			);
			name = FirebasePracticeChatApp;
			packageProductDependencies = (
				9B93560E29A09B0E0013C02D /* FirebaseAuth */,
				9B93561029A09B0E0013C02D /* FirebaseFirestore */,
				9B93561229A09B0E0013C02D /* FirebaseFirestoreSwift */,
				9B93561429A09B0E0013C02D /* FirebaseStorage */,
			);
			productName = FirebasePracticeChatApp;
			productReference = 9B9355F329A0957F0013C02D /* FirebasePracticeChatApp.app */;
			productType = "com.apple.product-type.application";
		};
/* End PBXNativeTarget section */

/* Begin PBXProject section */
		9B9355EB29A0957F0013C02D /* Project object */ = {
			isa = PBXProject;
			attributes = {
				BuildIndependentTargetsInParallel = 1;
				LastSwiftUpdateCheck = 1420;
				LastUpgradeCheck = 1420;
				TargetAttributes = {
					9B9355F229A0957F0013C02D = {
						CreatedOnToolsVersion = 14.2;
					};
				};
			};
			buildConfigurationList = 9B9355EE29A0957F0013C02D /* Build configuration list for PBXProject "FirebasePracticeChatApp" */;
			compatibilityVersion = "Xcode 14.0";
			developmentRegion = en;
			hasScannedForEncodings = 0;
			knownRegions = (
				en,
				Base,
			);
			mainGroup = 9B9355EA29A0957F0013C02D;
			packageReferences = (
				9B93560D29A09B0D0013C02D /* XCRemoteSwiftPackageReference "firebase-ios-sdk" */,
			);
			productRefGroup = 9B9355F429A0957F0013C02D /* Products */;
			projectDirPath = "";
			projectRoot = "";
			targets = (
				9B9355F229A0957F0013C02D /* FirebasePracticeChatApp */,
			);
		};
/* End PBXProject section */

/* Begin PBXResourcesBuildPhase section */
		9B9355F129A0957F0013C02D /* Resources */ = {
			isa = PBXResourcesBuildPhase;
			buildActionMask = 2147483647;
			files = (
				9B7F201829A1ECAF00B9E353 /* TalkCell_2.xib in Resources */,
				9B93561729A0AB590013C02D /* GoogleService-Info.plist in Resources */,
				9B93563629A100E00013C02D /* TalkCell_1.xib in Resources */,
				9B93560329A095880013C02D /* LaunchScreen.storyboard in Resources */,
				9B93563229A100BA0013C02D /* ChatListCell.xib in Resources */,
				9B93560029A095880013C02D /* Assets.xcassets in Resources */,
				9B9355FE29A0957F0013C02D /* Main.storyboard in Resources */,
			);
			runOnlyForDeploymentPostprocessing = 0;
		};
/* End PBXResourcesBuildPhase section */

/* Begin PBXSourcesBuildPhase section */
		9B9355EF29A0957F0013C02D /* Sources */ = {
			isa = PBXSourcesBuildPhase;
			buildActionMask = 2147483647;
			files = (
				9B9355F729A0957F0013C02D /* AppDelegate.swift in Sources */,
				9B9355F929A0957F0013C02D /* SceneDelegate.swift in Sources */,
				9B93561D29A0B1D10013C02D /* HomeViewController.swift in Sources */,
				9B93563129A100BA0013C02D /* ChatListCell.swift in Sources */,
				9B93562529A0C4840013C02D /* TalkViewController.swift in Sources */,
				9B93562129A0B2040013C02D /* LoginViewController.swift in Sources */,
				9B93561F29A0B1F80013C02D /* RegisterViewController.swift in Sources */,
				9B93562329A0B2220013C02D /* ChatListTableViewController.swift in Sources */,
				9B7F201729A1ECAF00B9E353 /* TalkCell_2.swift in Sources */,
				9B93562829A0CCCB0013C02D /* Constants.swift in Sources */,
				9B93563529A100E00013C02D /* TalkCell_1.swift in Sources */,
			);
			runOnlyForDeploymentPostprocessing = 0;
		};
/* End PBXSourcesBuildPhase section */

/* Begin PBXVariantGroup section */
		9B9355FC29A0957F0013C02D /* Main.storyboard */ = {
			isa = PBXVariantGroup;
			children = (
				9B9355FD29A0957F0013C02D /* Base */,
			);
			name = Main.storyboard;
			sourceTree = "<group>";
		};
		9B93560129A095880013C02D /* LaunchScreen.storyboard */ = {
			isa = PBXVariantGroup;
			children = (
				9B93560229A095880013C02D /* Base */,
			);
			name = LaunchScreen.storyboard;
			sourceTree = "<group>";
		};
/* End PBXVariantGroup section */

/* Begin XCBuildConfiguration section */
		9B93560529A095880013C02D /* Debug */ = {
			isa = XCBuildConfiguration;
			buildSettings = {
				ALWAYS_SEARCH_USER_PATHS = NO;
				CLANG_ANALYZER_NONNULL = YES;
				CLANG_ANALYZER_NUMBER_OBJECT_CONVERSION = YES_AGGRESSIVE;
				CLANG_CXX_LANGUAGE_STANDARD = "gnu++20";
				CLANG_ENABLE_MODULES = YES;
				CLANG_ENABLE_OBJC_ARC = YES;
				CLANG_ENABLE_OBJC_WEAK = YES;
				CLANG_WARN_BLOCK_CAPTURE_AUTORELEASING = YES;
				CLANG_WARN_BOOL_CONVERSION = YES;
				CLANG_WARN_COMMA = YES;
				CLANG_WARN_CONSTANT_CONVERSION = YES;
				CLANG_WARN_DEPRECATED_OBJC_IMPLEMENTATIONS = YES;
				CLANG_WARN_DIRECT_OBJC_ISA_USAGE = YES_ERROR;
				CLANG_WARN_DOCUMENTATION_COMMENTS = YES;
				CLANG_WARN_EMPTY_BODY = YES;
				CLANG_WARN_ENUM_CONVERSION = YES;
				CLANG_WARN_INFINITE_RECURSION = YES;
				CLANG_WARN_INT_CONVERSION = YES;
				CLANG_WARN_NON_LITERAL_NULL_CONVERSION = YES;
				CLANG_WARN_OBJC_IMPLICIT_RETAIN_SELF = YES;
				CLANG_WARN_OBJC_LITERAL_CONVERSION = YES;
				CLANG_WARN_OBJC_ROOT_CLASS = YES_ERROR;
				CLANG_WARN_QUOTED_INCLUDE_IN_FRAMEWORK_HEADER = YES;
				CLANG_WARN_RANGE_LOOP_ANALYSIS = YES;
				CLANG_WARN_STRICT_PROTOTYPES = YES;
				CLANG_WARN_SUSPICIOUS_MOVE = YES;
				CLANG_WARN_UNGUARDED_AVAILABILITY = YES_AGGRESSIVE;
				CLANG_WARN_UNREACHABLE_CODE = YES;
				CLANG_WARN__DUPLICATE_METHOD_MATCH = YES;
				COPY_PHASE_STRIP = NO;
				DEBUG_INFORMATION_FORMAT = dwarf;
				ENABLE_STRICT_OBJC_MSGSEND = YES;
				ENABLE_TESTABILITY = YES;
				GCC_C_LANGUAGE_STANDARD = gnu11;
				GCC_DYNAMIC_NO_PIC = NO;
				GCC_NO_COMMON_BLOCKS = YES;
				GCC_OPTIMIZATION_LEVEL = 0;
				GCC_PREPROCESSOR_DEFINITIONS = (
					"DEBUG=1",
					"$(inherited)",
				);
				GCC_WARN_64_TO_32_BIT_CONVERSION = YES;
				GCC_WARN_ABOUT_RETURN_TYPE = YES_ERROR;
				GCC_WARN_UNDECLARED_SELECTOR = YES;
				GCC_WARN_UNINITIALIZED_AUTOS = YES_AGGRESSIVE;
				GCC_WARN_UNUSED_FUNCTION = YES;
				GCC_WARN_UNUSED_VARIABLE = YES;
				IPHONEOS_DEPLOYMENT_TARGET = 16.2;
				MTL_ENABLE_DEBUG_INFO = INCLUDE_SOURCE;
				MTL_FAST_MATH = YES;
				ONLY_ACTIVE_ARCH = YES;
				SDKROOT = iphoneos;
				SWIFT_ACTIVE_COMPILATION_CONDITIONS = DEBUG;
				SWIFT_OPTIMIZATION_LEVEL = "-Onone";
			};
			name = Debug;
		};
		9B93560629A095880013C02D /* Release */ = {
			isa = XCBuildConfiguration;
			buildSettings = {
				ALWAYS_SEARCH_USER_PATHS = NO;
				CLANG_ANALYZER_NONNULL = YES;
				CLANG_ANALYZER_NUMBER_OBJECT_CONVERSION = YES_AGGRESSIVE;
				CLANG_CXX_LANGUAGE_STANDARD = "gnu++20";
				CLANG_ENABLE_MODULES = YES;
				CLANG_ENABLE_OBJC_ARC = YES;
				CLANG_ENABLE_OBJC_WEAK = YES;
				CLANG_WARN_BLOCK_CAPTURE_AUTORELEASING = YES;
				CLANG_WARN_BOOL_CONVERSION = YES;
				CLANG_WARN_COMMA = YES;
				CLANG_WARN_CONSTANT_CONVERSION = YES;
				CLANG_WARN_DEPRECATED_OBJC_IMPLEMENTATIONS = YES;
				CLANG_WARN_DIRECT_OBJC_ISA_USAGE = YES_ERROR;
				CLANG_WARN_DOCUMENTATION_COMMENTS = YES;
				CLANG_WARN_EMPTY_BODY = YES;
				CLANG_WARN_ENUM_CONVERSION = YES;
				CLANG_WARN_INFINITE_RECURSION = YES;
				CLANG_WARN_INT_CONVERSION = YES;
				CLANG_WARN_NON_LITERAL_NULL_CONVERSION = YES;
				CLANG_WARN_OBJC_IMPLICIT_RETAIN_SELF = YES;
				CLANG_WARN_OBJC_LITERAL_CONVERSION = YES;
				CLANG_WARN_OBJC_ROOT_CLASS = YES_ERROR;
				CLANG_WARN_QUOTED_INCLUDE_IN_FRAMEWORK_HEADER = YES;
				CLANG_WARN_RANGE_LOOP_ANALYSIS = YES;
				CLANG_WARN_STRICT_PROTOTYPES = YES;
				CLANG_WARN_SUSPICIOUS_MOVE = YES;
				CLANG_WARN_UNGUARDED_AVAILABILITY = YES_AGGRESSIVE;
				CLANG_WARN_UNREACHABLE_CODE = YES;
				CLANG_WARN__DUPLICATE_METHOD_MATCH = YES;
				COPY_PHASE_STRIP = NO;
				DEBUG_INFORMATION_FORMAT = "dwarf-with-dsym";
				ENABLE_NS_ASSERTIONS = NO;
				ENABLE_STRICT_OBJC_MSGSEND = YES;
				GCC_C_LANGUAGE_STANDARD = gnu11;
				GCC_NO_COMMON_BLOCKS = YES;
				GCC_WARN_64_TO_32_BIT_CONVERSION = YES;
				GCC_WARN_ABOUT_RETURN_TYPE = YES_ERROR;
				GCC_WARN_UNDECLARED_SELECTOR = YES;
				GCC_WARN_UNINITIALIZED_AUTOS = YES_AGGRESSIVE;
				GCC_WARN_UNUSED_FUNCTION = YES;
				GCC_WARN_UNUSED_VARIABLE = YES;
				IPHONEOS_DEPLOYMENT_TARGET = 16.2;
				MTL_ENABLE_DEBUG_INFO = NO;
				MTL_FAST_MATH = YES;
				SDKROOT = iphoneos;
				SWIFT_COMPILATION_MODE = wholemodule;
				SWIFT_OPTIMIZATION_LEVEL = "-O";
				VALIDATE_PRODUCT = YES;
			};
			name = Release;
		};
		9B93560829A095880013C02D /* Debug */ = {
			isa = XCBuildConfiguration;
			buildSettings = {
				ASSETCATALOG_COMPILER_APPICON_NAME = AppIcon;
				ASSETCATALOG_COMPILER_GLOBAL_ACCENT_COLOR_NAME = AccentColor;
				CODE_SIGN_STYLE = Automatic;
				CURRENT_PROJECT_VERSION = 1;
				DEVELOPMENT_TEAM = YJ347PT8FZ;
				GENERATE_INFOPLIST_FILE = YES;
				INFOPLIST_FILE = FirebasePracticeChatApp/Info.plist;
				INFOPLIST_KEY_UIApplicationSupportsIndirectInputEvents = YES;
				INFOPLIST_KEY_UILaunchStoryboardName = LaunchScreen;
				INFOPLIST_KEY_UIMainStoryboardFile = Main;
				INFOPLIST_KEY_UISupportedInterfaceOrientations_iPad = "UIInterfaceOrientationPortrait UIInterfaceOrientationPortraitUpsideDown UIInterfaceOrientationLandscapeLeft UIInterfaceOrientationLandscapeRight";
				INFOPLIST_KEY_UISupportedInterfaceOrientations_iPhone = "UIInterfaceOrientationPortrait UIInterfaceOrientationLandscapeLeft UIInterfaceOrientationLandscapeRight";
				IPHONEOS_DEPLOYMENT_TARGET = 15.0;
				LD_RUNPATH_SEARCH_PATHS = (
					"$(inherited)",
					"@executable_path/Frameworks",
				);
				MARKETING_VERSION = 1.0;
				PRODUCT_BUNDLE_IDENTIFIER = com.adam.FirebasePracticeChatApp;
				PRODUCT_NAME = "$(TARGET_NAME)";
				SWIFT_EMIT_LOC_STRINGS = YES;
				SWIFT_VERSION = 5.0;
				TARGETED_DEVICE_FAMILY = "1,2";
			};
			name = Debug;
		};
		9B93560929A095880013C02D /* Release */ = {
			isa = XCBuildConfiguration;
			buildSettings = {
				ASSETCATALOG_COMPILER_APPICON_NAME = AppIcon;
				ASSETCATALOG_COMPILER_GLOBAL_ACCENT_COLOR_NAME = AccentColor;
				CODE_SIGN_STYLE = Automatic;
				CURRENT_PROJECT_VERSION = 1;
				DEVELOPMENT_TEAM = YJ347PT8FZ;
				GENERATE_INFOPLIST_FILE = YES;
				INFOPLIST_FILE = FirebasePracticeChatApp/Info.plist;
				INFOPLIST_KEY_UIApplicationSupportsIndirectInputEvents = YES;
				INFOPLIST_KEY_UILaunchStoryboardName = LaunchScreen;
				INFOPLIST_KEY_UIMainStoryboardFile = Main;
				INFOPLIST_KEY_UISupportedInterfaceOrientations_iPad = "UIInterfaceOrientationPortrait UIInterfaceOrientationPortraitUpsideDown UIInterfaceOrientationLandscapeLeft UIInterfaceOrientationLandscapeRight";
				INFOPLIST_KEY_UISupportedInterfaceOrientations_iPhone = "UIInterfaceOrientationPortrait UIInterfaceOrientationLandscapeLeft UIInterfaceOrientationLandscapeRight";
				IPHONEOS_DEPLOYMENT_TARGET = 15.0;
				LD_RUNPATH_SEARCH_PATHS = (
					"$(inherited)",
					"@executable_path/Frameworks",
				);
				MARKETING_VERSION = 1.0;
				PRODUCT_BUNDLE_IDENTIFIER = com.adam.FirebasePracticeChatApp;
				PRODUCT_NAME = "$(TARGET_NAME)";
				SWIFT_EMIT_LOC_STRINGS = YES;
				SWIFT_VERSION = 5.0;
				TARGETED_DEVICE_FAMILY = "1,2";
			};
			name = Release;
		};
/* End XCBuildConfiguration section */

/* Begin XCConfigurationList section */
		9B9355EE29A0957F0013C02D /* Build configuration list for PBXProject "FirebasePracticeChatApp" */ = {
			isa = XCConfigurationList;
			buildConfigurations = (
				9B93560529A095880013C02D /* Debug */,
				9B93560629A095880013C02D /* Release */,
			);
			defaultConfigurationIsVisible = 0;
			defaultConfigurationName = Release;
		};
		9B93560729A095880013C02D /* Build configuration list for PBXNativeTarget "FirebasePracticeChatApp" */ = {
			isa = XCConfigurationList;
			buildConfigurations = (
				9B93560829A095880013C02D /* Debug */,
				9B93560929A095880013C02D /* Release */,
			);
			defaultConfigurationIsVisible = 0;
			defaultConfigurationName = Release;
		};
/* End XCConfigurationList section */

/* Begin XCRemoteSwiftPackageReference section */
		9B93560D29A09B0D0013C02D /* XCRemoteSwiftPackageReference "firebase-ios-sdk" */ = {
			isa = XCRemoteSwiftPackageReference;
			repositoryURL = "https://github.com/firebase/firebase-ios-sdk";
			requirement = {
				kind = upToNextMajorVersion;
				minimumVersion = 9.0.0;
			};
		};
/* End XCRemoteSwiftPackageReference section */

/* Begin XCSwiftPackageProductDependency section */
		9B93560E29A09B0E0013C02D /* FirebaseAuth */ = {
			isa = XCSwiftPackageProductDependency;
			package = 9B93560D29A09B0D0013C02D /* XCRemoteSwiftPackageReference "firebase-ios-sdk" */;
			productName = FirebaseAuth;
		};
		9B93561029A09B0E0013C02D /* FirebaseFirestore */ = {
			isa = XCSwiftPackageProductDependency;
			package = 9B93560D29A09B0D0013C02D /* XCRemoteSwiftPackageReference "firebase-ios-sdk" */;
			productName = FirebaseFirestore;
		};
		9B93561229A09B0E0013C02D /* FirebaseFirestoreSwift */ = {
			isa = XCSwiftPackageProductDependency;
			package = 9B93560D29A09B0D0013C02D /* XCRemoteSwiftPackageReference "firebase-ios-sdk" */;
			productName = FirebaseFirestoreSwift;
		};
		9B93561429A09B0E0013C02D /* FirebaseStorage */ = {
			isa = XCSwiftPackageProductDependency;
			package = 9B93560D29A09B0D0013C02D /* XCRemoteSwiftPackageReference "firebase-ios-sdk" */;
			productName = FirebaseStorage;
		};
/* End XCSwiftPackageProductDependency section */
	};
	rootObject = 9B9355EB29A0957F0013C02D /* Project object */;
}
